
Microsoft Visual Studio Solution File, Format Version 12.00
# Visual Studio Version 16
VisualStudioVersion = 16.0.30611.23
MinimumVisualStudioVersion = 15.0.26124.0
Project("{9A19103F-16F7-4668-BE54-9A1E7A4F7556}") = "SkinningSample", "SkinningSample\SkinningSample.csproj", "{AA4F2198-9249-457C-BD92-2EF238280A75}"
EndProject
Project("{9A19103F-16F7-4668-BE54-9A1E7A4F7556}") = "SkinnedModel", "SkinnedModel\SkinnedModel.csproj", "{D9727887-08F4-436C-B873-1E757E94621F}"
EndProject
Project("{9A19103F-16F7-4668-BE54-9A1E7A4F7556}") = "SkinnedModelPipeline", "SkinnedModelPipeline\SkinnedModelPipeline.csproj", "{B7C1621F-40BF-4649-B4D5-2A898E92B3FB}"
EndProject
Global
	GlobalSection(SolutionConfigurationPlatforms) = preSolution
		Debug|Any CPU = Debug|Any CPU
		Debug|x64 = Debug|x64
		Debug|x86 = Debug|x86
		Release|Any CPU = Release|Any CPU
		Release|x64 = Release|x64
		Release|x86 = Release|x86
	EndGlobalSection
	GlobalSection(ProjectConfigurationPlatforms) = postSolution
		{AA4F2198-9249-457C-BD92-2EF238280A75}.Debug|Any CPU.ActiveCfg = Debug|Any CPU
		{AA4F2198-9249-457C-BD92-2EF238280A75}.Debug|Any CPU.Build.0 = Debug|Any CPU
		{AA4F2198-9249-457C-BD92-2EF238280A75}.Debug|x64.ActiveCfg = Debug|Any CPU
		{AA4F2198-9249-457C-BD92-2EF238280A75}.Debug|x64.Build.0 = Debug|Any CPU
		{AA4F2198-9249-457C-BD92-2EF238280A75}.Debug|x86.ActiveCfg = Debug|Any CPU
		{AA4F2198-9249-457C-BD92-2EF238280A75}.Debug|x86.Build.0 = Debug|Any CPU
		{AA4F2198-9249-457C-BD92-2EF238280A75}.Release|Any CPU.ActiveCfg = Release|Any CPU
		{AA4F2198-9249-457C-BD92-2EF238280A75}.Release|Any CPU.Build.0 = Release|Any CPU
		{AA4F2198-9249-457C-BD92-2EF238280A75}.Release|x64.ActiveCfg = Release|Any CPU
		{AA4F2198-9249-457C-BD92-2EF238280A75}.Release|x64.Build.0 = Release|Any CPU
		{AA4F2198-9249-457C-BD92-2EF238280A75}.Release|x86.ActiveCfg = Release|Any CPU
		{AA4F2198-9249-457C-BD92-2EF238280A75}.Release|x86.Build.0 = Release|Any CPU
		{D9727887-08F4-436C-B873-1E757E94621F}.Debug|Any CPU.ActiveCfg = Release|Any CPU
		{D9727887-08F4-436C-B873-1E757E94621F}.Debug|Any CPU.Build.0 = Release|Any CPU
		{D9727887-08F4-436C-B873-1E757E94621F}.Debug|x64.ActiveCfg = Debug|Any CPU
		{D9727887-08F4-436C-B873-1E757E94621F}.Debug|x64.Build.0 = Debug|Any CPU
		{D9727887-08F4-436C-B873-1E757E94621F}.Debug|x86.ActiveCfg = Debug|Any CPU
		{D9727887-08F4-436C-B873-1E757E94621F}.Debug|x86.Build.0 = Debug|Any CPU
		{D9727887-08F4-436C-B873-1E757E94621F}.Release|Any CPU.ActiveCfg = Release|Any CPU
		{D9727887-08F4-436C-B873-1E757E94621F}.Release|Any CPU.Build.0 = Release|Any CPU
		{D9727887-08F4-436C-B873-1E757E94621F}.Release|x64.ActiveCfg = Release|Any CPU
		{D9727887-08F4-436C-B873-1E757E94621F}.Release|x64.Build.0 = Release|Any CPU
		{D9727887-08F4-436C-B873-1E757E94621F}.Release|x86.ActiveCfg = Release|Any CPU
		{D9727887-08F4-436C-B873-1E757E94621F}.Release|x86.Build.0 = Release|Any CPU
		{B7C1621F-40BF-4649-B4D5-2A898E92B3FB}.Debug|Any CPU.ActiveCfg = Release|Any CPU
		{B7C1621F-40BF-4649-B4D5-2A898E92B3FB}.Debug|Any CPU.Build.0 = Release|Any CPU
		{B7C1621F-40BF-4649-B4D5-2A898E92B3FB}.Debug|x64.ActiveCfg = Debug|Any CPU
		{B7C1621F-40BF-4649-B4D5-2A898E92B3FB}.Debug|x64.Build.0 = Debug|Any CPU
		{B7C1621F-40BF-4649-B4D5-2A898E92B3FB}.Debug|x86.ActiveCfg = Debug|Any CPU
		{B7C1621F-40BF-4649-B4D5-2A898E92B3FB}.Debug|x86.Build.0 = Debug|Any CPU
		{B7C1621F-40BF-4649-B4D5-2A898E92B3FB}.Release|Any CPU.ActiveCfg = Release|Any CPU
		{B7C1621F-40BF-4649-B4D5-2A898E92B3FB}.Release|Any CPU.Build.0 = Release|Any CPU
		{B7C1621F-40BF-4649-B4D5-2A898E92B3FB}.Release|x64.ActiveCfg = Release|Any CPU
		{B7C1621F-40BF-4649-B4D5-2A898E92B3FB}.Release|x64.Build.0 = Release|Any CPU
		{B7C1621F-40BF-4649-B4D5-2A898E92B3FB}.Release|x86.ActiveCfg = Release|Any CPU
		{B7C1621F-40BF-4649-B4D5-2A898E92B3FB}.Release|x86.Build.0 = Release|Any CPU
	EndGlobalSection
	GlobalSection(SolutionProperties) = preSolution
		HideSolutionNode = FALSE
	EndGlobalSection
	GlobalSection(ExtensibilityGlobals) = postSolution
		SolutionGuid = {F1529F9C-A5B1-4100-8796-E289D8A6CD65}
	EndGlobalSection
EndGlobal
